
Microsoft Visual Studio Solution File, Format Version 12.00
# Visual Studio Version 16
VisualStudioVersion = 16.0.30709.132
MinimumVisualStudioVersion = 10.0.40219.1
Project("{FAE04EC0-301F-11D3-BF4B-00C04F79EFBC}") = "PartialDemo", "..\..\Downloads\Cannucci_1560850_Assignment_3_Submitted_on_2018-09-27_11h46m10s\Asg_03\Asg_03\PartialDemo.csproj", "{76842D98-97F8-4216-963D-A0BE7F9A97FC}"
EndProject
Global
	GlobalSection(SolutionConfigurationPlatforms) = preSolution
		Debug|Any CPU = Debug|Any CPU
		Release|Any CPU = Release|Any CPU
	EndGlobalSection
	GlobalSection(ProjectConfigurationPlatforms) = postSolution
		{76842D98-97F8-4216-963D-A0BE7F9A97FC}.Debug|Any CPU.ActiveCfg = Debug|Any CPU
		{76842D98-97F8-4216-963D-A0BE7F9A97FC}.Debug|Any CPU.Build.0 = Debug|Any CPU
		{76842D98-97F8-4216-963D-A0BE7F9A97FC}.Release|Any CPU.ActiveCfg = Release|Any CPU
		{76842D98-97F8-4216-963D-A0BE7F9A97FC}.Release|Any CPU.Build.0 = Release|Any CPU
	EndGlobalSection
	GlobalSection(SolutionProperties) = preSolution
		HideSolutionNode = FALSE
	EndGlobalSection
	GlobalSection(ExtensibilityGlobals) = postSolution
		SolutionGuid = {84E0726A-CEE2-4CF0-BDE0-CE8CB1EBE046}
	EndGlobalSection
EndGlobal
